
Microsoft Visual Studio Solution File, Format Version 12.00
# Visual Studio 15
VisualStudioVersion = 15.0.27428.2037
MinimumVisualStudioVersion = 10.0.40219.1
Project("{FAE04EC0-301F-11D3-BF4B-00C04F79EFBC}") = "capaDatos", "capaDatos\capaDatos.csproj", "{79682F3B-71AB-454A-A369-C0121239F43F}"
EndProject
Project("{FAE04EC0-301F-11D3-BF4B-00C04F79EFBC}") = "capaEntidad", "capaEntidad\capaEntidad.csproj", "{8D9EEED8-8140-43E3-9808-20413955E3C8}"
EndProject
Project("{FAE04EC0-301F-11D3-BF4B-00C04F79EFBC}") = "capaNegocio", "capaNegocio\capaNegocio.csproj", "{72E169B0-C540-4961-8CA4-90CDDE7DEF55}"
EndProject
Project("{FAE04EC0-301F-11D3-BF4B-00C04F79EFBC}") = "capaPresentacion", "capaPresentacion\capaPresentacion.csproj", "{99C15C50-843C-43CC-A519-F40ECB22CDD2}"
EndProject
Global
	GlobalSection(SolutionConfigurationPlatforms) = preSolution
		Debug|Any CPU = Debug|Any CPU
		Release|Any CPU = Release|Any CPU
	EndGlobalSection
	GlobalSection(ProjectConfigurationPlatforms) = postSolution
		{79682F3B-71AB-454A-A369-C0121239F43F}.Debug|Any CPU.ActiveCfg = Debug|Any CPU
		{79682F3B-71AB-454A-A369-C0121239F43F}.Debug|Any CPU.Build.0 = Debug|Any CPU
		{79682F3B-71AB-454A-A369-C0121239F43F}.Release|Any CPU.ActiveCfg = Release|Any CPU
		{79682F3B-71AB-454A-A369-C0121239F43F}.Release|Any CPU.Build.0 = Release|Any CPU
		{8D9EEED8-8140-43E3-9808-20413955E3C8}.Debug|Any CPU.ActiveCfg = Debug|Any CPU
		{8D9EEED8-8140-43E3-9808-20413955E3C8}.Debug|Any CPU.Build.0 = Debug|Any CPU
		{8D9EEED8-8140-43E3-9808-20413955E3C8}.Release|Any CPU.ActiveCfg = Release|Any CPU
		{8D9EEED8-8140-43E3-9808-20413955E3C8}.Release|Any CPU.Build.0 = Release|Any CPU
		{72E169B0-C540-4961-8CA4-90CDDE7DEF55}.Debug|Any CPU.ActiveCfg = Debug|Any CPU
		{72E169B0-C540-4961-8CA4-90CDDE7DEF55}.Debug|Any CPU.Build.0 = Debug|Any CPU
		{72E169B0-C540-4961-8CA4-90CDDE7DEF55}.Release|Any CPU.ActiveCfg = Release|Any CPU
		{72E169B0-C540-4961-8CA4-90CDDE7DEF55}.Release|Any CPU.Build.0 = Release|Any CPU
		{99C15C50-843C-43CC-A519-F40ECB22CDD2}.Debug|Any CPU.ActiveCfg = Debug|Any CPU
		{99C15C50-843C-43CC-A519-F40ECB22CDD2}.Debug|Any CPU.Build.0 = Debug|Any CPU
		{99C15C50-843C-43CC-A519-F40ECB22CDD2}.Release|Any CPU.ActiveCfg = Release|Any CPU
		{99C15C50-843C-43CC-A519-F40ECB22CDD2}.Release|Any CPU.Build.0 = Release|Any CPU
	EndGlobalSection
	GlobalSection(SolutionProperties) = preSolution
		HideSolutionNode = FALSE
	EndGlobalSection
	GlobalSection(ExtensibilityGlobals) = postSolution
		SolutionGuid = {E096531A-1130-42B8-AA3A-77CD874AA35E}
	EndGlobalSection
EndGlobal
